{
  "name": "pfe-pilot",
  "version": "1.0.0",
  "lockfileVersion": 1,
  "requires": true,
  "dependencies": {
    "@polka/send-type": {
      "version": "0.5.2",
      "resolved": "https://registry.npmjs.org/@polka/send-type/-/send-type-0.5.2.tgz",
      "integrity": "sha512-jGXalKihnhGQmMQ+xxfxrRfI2cWs38TIZuwgYpnbQDD4r9TkOiU3ocjAS+6CqqMNQNAu9Ul2iHU5YFRDODak2w=="
    },
    "@tusbar/cache-control": {
      "version": "0.3.1",
      "resolved": "https://registry.npmjs.org/@tusbar/cache-control/-/cache-control-0.3.1.tgz",
      "integrity": "sha512-qeQhWoHQqDdW+SS1TgybdOeaSo+8tZx4ZesMY0+HSLeWWa2bGDetB9wxAT/umlXuutC6QdbADd48RJ6hrYr4BQ=="
    },
    "any-promise": {
      "version": "1.3.0",
      "resolved": "https://registry.npmjs.org/any-promise/-/any-promise-1.3.0.tgz",
      "integrity": "sha1-q8av7tzqUugJzcA3au0845Y10X8="
    },
    "async": {
      "version": "1.5.2",
      "resolved": "https://registry.npmjs.org/async/-/async-1.5.2.tgz",
      "integrity": "sha1-7GphrlZIDAw8skHJVhjiCJL5Zyo="
    },
    "cache-manager": {
      "version": "2.10.1",
      "resolved": "https://registry.npmjs.org/cache-manager/-/cache-manager-2.10.1.tgz",
      "integrity": "sha512-bk17v9IkLqNcbCzggEh82LEJhjHp+COnL57L7a0ESbM/cOuXIIBatdVjD/ps7vOsofI48++zAC14Ye+8v50flg==",
      "requires": {
        "async": "1.5.2",
        "lru-cache": "4.0.0"
      }
    },
    "core-util-is": {
      "version": "1.0.2",
      "resolved": "https://registry.npmjs.org/core-util-is/-/core-util-is-1.0.2.tgz",
      "integrity": "sha1-tf1UIgqivFq1eqtxQMlAdUUDwac="
    },
    "end-of-stream": {
      "version": "1.4.4",
      "resolved": "https://registry.npmjs.org/end-of-stream/-/end-of-stream-1.4.4.tgz",
      "integrity": "sha512-+uw1inIHVPQoaVuHzRyXd21icM+cnt4CzD5rW+NC1wjOUSTOs+Te7FOv7AhN7vS9x/oIyhLP5PR1H+phQAHu5Q==",
      "requires": {
        "once": "^1.4.0"
      }
    },
    "escape-string-regexp": {
      "version": "2.0.0",
      "resolved": "https://registry.npmjs.org/escape-string-regexp/-/escape-string-regexp-2.0.0.tgz",
      "integrity": "sha512-UpzcLCXolUWcNu5HtVMHYdXJjArjsF9C0aNnquZYY4uW/Vu0miy5YoWvbV345HauVvcAUnpRuhMMcqTcGOY2+w=="
    },
    "fast-decode-uri-component": {
      "version": "1.0.1",
      "resolved": "https://registry.npmjs.org/fast-decode-uri-component/-/fast-decode-uri-component-1.0.1.tgz",
      "integrity": "sha512-WKgKWg5eUxvRZGwW8FvfbaH7AXSh2cL+3j5fMGzUMCxWBJ3dV3a7Wz8y2f/uQ0e3B6WmodD3oS54jTQ9HVTIIg=="
    },
    "fast-gateway": {
      "version": "1.5.2",
      "resolved": "https://registry.npmjs.org/fast-gateway/-/fast-gateway-1.5.2.tgz",
      "integrity": "sha512-l3Ug0HncfjrQITZxhs1ffuTN6RFtMWAN9OonNH6ShuqXXlJkVDqLH9vSwr6J5gjja76Qp+UhR1navIRDxhGpbw==",
      "requires": {
        "@polka/send-type": "^0.5.2",
        "fast-proxy": "^1.3.0",
        "http-cache-middleware": "^1.2.3",
        "restana": "^3.4.1",
        "stream-to-array": "^2.3.0"
      }
    },
    "fast-proxy": {
      "version": "1.3.0",
      "resolved": "https://registry.npmjs.org/fast-proxy/-/fast-proxy-1.3.0.tgz",
      "integrity": "sha512-jXJa3/zufGOR9EShztpqoguL0GjLbWMp3z/BKQLMfylda+OONcT+FGIvD87p7vM2CIUISf+HNG0k3jAbNLjlJQ==",
      "requires": {
        "end-of-stream": "^1.4.4",
        "pump": "^3.0.0",
        "semver": "^6.3.0",
        "tiny-lru": "^6.1.0",
        "undici": "^0.4.0"
      }
    },
    "fastq": {
      "version": "1.6.0",
      "resolved": "https://registry.npmjs.org/fastq/-/fastq-1.6.0.tgz",
      "integrity": "sha512-jmxqQ3Z/nXoeyDmWAzF9kH1aGZSis6e/SbfPmJpUnyZ0ogr6iscHQaml4wsEepEWSdtmpy+eVXmCRIMpxaXqOA==",
      "requires": {
        "reusify": "^1.0.0"
      }
    },
    "find-my-way": {
      "version": "2.2.1",
      "resolved": "https://registry.npmjs.org/find-my-way/-/find-my-way-2.2.1.tgz",
      "integrity": "sha512-pzZA9/PlhDGG5PRzmd4vH4AbKW7FO68RE7q2I3NzjJHcVPukYbDA7bPdArg7ySKfS6pKki+qhrawFoN6aNZfjA==",
      "requires": {
        "fast-decode-uri-component": "^1.0.0",
        "safe-regex2": "^2.0.0",
        "semver-store": "^0.3.0"
      }
    },
    "http-cache-middleware": {
      "version": "1.2.3",
      "resolved": "https://registry.npmjs.org/http-cache-middleware/-/http-cache-middleware-1.2.3.tgz",
      "integrity": "sha512-UsJa/QAVenyI3Q11JixU8jBp6iGt8sK1CdkmNRRLrKzCQY7mTp540ZEoB4C5gsW+Z95wObmV9h4TgdQ+0h0J7Q==",
      "requires": {
        "@tusbar/cache-control": "^0.3.1",
        "cache-manager": "^2.10.0",
        "matcher": "^2.0.0",
        "middleware-if-unless": "^1.2.1",
        "ms": "^2.1.2",
        "on-http-end": "^1.0.1"
      }
    },
    "http-parser-js": {
      "version": "0.4.13",
      "resolved": "https://registry.npmjs.org/http-parser-js/-/http-parser-js-0.4.13.tgz",
      "integrity": "sha1-O9bW/ebjFyyTNMOzO2wZPYD+ETc="
    },
    "inherits": {
      "version": "2.0.4",
      "resolved": "https://registry.npmjs.org/inherits/-/inherits-2.0.4.tgz",
      "integrity": "sha512-k/vGaX4/Yla3WzyMCvTQOXYeIHvqOKtnqBduzTHpzpQZzAskKMhZ2K+EnBiSM9zGSoIFeMpXKxa4dYeZIQqewQ=="
    },
    "isarray": {
      "version": "1.0.0",
      "resolved": "https://registry.npmjs.org/isarray/-/isarray-1.0.0.tgz",
      "integrity": "sha1-u5NdSFgsuhaMBoNJV6VKPgcSTxE="
    },
    "listenercount": {
      "version": "1.0.1",
      "resolved": "https://registry.npmjs.org/listenercount/-/listenercount-1.0.1.tgz",
      "integrity": "sha1-hMinKrWcRyUyFIDJdeZQg0LnCTc="
    },
    "lru-cache": {
      "version": "4.0.0",
      "resolved": "https://registry.npmjs.org/lru-cache/-/lru-cache-4.0.0.tgz",
      "integrity": "sha1-tcvwFVbBaWb+vlTO7A+03JDfbCg=",
      "requires": {
        "pseudomap": "^1.0.1",
        "yallist": "^2.0.0"
      }
    },
    "matcher": {
      "version": "2.1.0",
      "resolved": "https://registry.npmjs.org/matcher/-/matcher-2.1.0.tgz",
      "integrity": "sha512-o+nZr+vtJtgPNklyeUKkkH42OsK8WAfdgaJE2FNxcjLPg+5QbeEoT6vRj8Xq/iv18JlQ9cmKsEu0b94ixWf1YQ==",
      "requires": {
        "escape-string-regexp": "^2.0.0"
      }
    },
    "middleware-if-unless": {
      "version": "1.2.2",
      "resolved": "https://registry.npmjs.org/middleware-if-unless/-/middleware-if-unless-1.2.2.tgz",
      "integrity": "sha512-NIwDkE+Q1CcMvUAHZf5YzIKSLAsaILyEJtniey931iz8a9NkChM5Fe01X4PGmtBhofJ4D3dxkshihpjTnJTUdA==",
      "requires": {
        "find-my-way": "^2.1.1"
      }
    },
    "ms": {
      "version": "2.1.2",
      "resolved": "https://registry.npmjs.org/ms/-/ms-2.1.2.tgz",
      "integrity": "sha512-sGkPx+VjMtmA6MX27oA4FBFELFCZZ4S4XqeGOXCv68tT+jb3vk/RyaKWP0PTKyWtmLSM0b+adUTEvbs1PEaH2w=="
    },
    "on-http-end": {
      "version": "1.0.1",
      "resolved": "https://registry.npmjs.org/on-http-end/-/on-http-end-1.0.1.tgz",
      "integrity": "sha512-nu3M/mJVRiEgFd/dDf90uJ8bRnqrVkaWWwHUXfsS11vFn4/P6WTjkb/tIFIT5eeiyxVJ03nLDebxGOAQluKqCQ=="
    },
    "once": {
      "version": "1.4.0",
      "resolved": "https://registry.npmjs.org/once/-/once-1.4.0.tgz",
      "integrity": "sha1-WDsap3WWHUsROsF9nFC6753Xa9E=",
      "requires": {
        "wrappy": "1"
      }
    },
    "process-nextick-args": {
      "version": "2.0.1",
      "resolved": "https://registry.npmjs.org/process-nextick-args/-/process-nextick-args-2.0.1.tgz",
      "integrity": "sha512-3ouUOpQhtgrbOa17J7+uxOTpITYWaGP7/AhoR3+A+/1e9skrzelGi/dXzEYyvbxubEF6Wn2ypscTKiKJFFn1ag=="
    },
    "pseudomap": {
      "version": "1.0.2",
      "resolved": "https://registry.npmjs.org/pseudomap/-/pseudomap-1.0.2.tgz",
      "integrity": "sha1-8FKijacOYYkX7wqKw0wa5aaChrM="
    },
    "pump": {
      "version": "3.0.0",
      "resolved": "https://registry.npmjs.org/pump/-/pump-3.0.0.tgz",
      "integrity": "sha512-LwZy+p3SFs1Pytd/jYct4wpv49HiYCqd9Rlc5ZVdk0V+8Yzv6jR5Blk3TRmPL1ft69TxP0IMZGJ+WPFU2BFhww==",
      "requires": {
        "end-of-stream": "^1.1.0",
        "once": "^1.3.1"
      }
    },
    "readable-stream": {
      "version": "2.3.6",
      "resolved": "https://registry.npmjs.org/readable-stream/-/readable-stream-2.3.6.tgz",
      "integrity": "sha512-tQtKA9WIAhBF3+VLAseyMqZeBjW0AHJoxOtYqSUZNJxauErmLbVm2FW1y+J/YA9dUrAC39ITejlZWhVIwawkKw==",
      "requires": {
        "core-util-is": "~1.0.0",
        "inherits": "~2.0.3",
        "isarray": "~1.0.0",
        "process-nextick-args": "~2.0.0",
        "safe-buffer": "~5.1.1",
        "string_decoder": "~1.1.1",
        "util-deprecate": "~1.0.1"
      }
    },
    "restana": {
      "version": "3.4.2",
      "resolved": "https://registry.npmjs.org/restana/-/restana-3.4.2.tgz",
      "integrity": "sha512-yCv6SK3X2Zv3Ztminu52UffI7/6b9gXjUjSKZReQxSSTZKxUI/VCx/7cp1VSPTse9xhB3A6v67nS+iKelKck+w==",
      "requires": {
        "find-my-way": "^2.2.1"
      }
    },
    "ret": {
      "version": "0.2.2",
      "resolved": "https://registry.npmjs.org/ret/-/ret-0.2.2.tgz",
      "integrity": "sha512-M0b3YWQs7R3Z917WRQy1HHA7Ba7D8hvZg6UE5mLykJxQVE2ju0IXbGlaHPPlkY+WN7wFP+wUMXmBFA0aV6vYGQ=="
    },
    "retimer": {
      "version": "1.1.0",
      "resolved": "https://registry.npmjs.org/retimer/-/retimer-1.1.0.tgz",
      "integrity": "sha512-+Tjoa47XqpO+cmNObvmK6UPFmUTzQPtr4MqMS7ZJKPKYAnryCxG2FXT8/SEgPsEghQQgXFPZEdILNxJkvXtjUw=="
    },
    "reusify": {
      "version": "1.0.4",
      "resolved": "https://registry.npmjs.org/reusify/-/reusify-1.0.4.tgz",
      "integrity": "sha512-U9nH88a3fc/ekCF1l0/UP1IosiuIjyTh7hBvXVMHYgVcfGvt897Xguj2UOLDeI5BG2m7/uwyaLVT6fbtCwTyzw=="
    },
    "safe-buffer": {
      "version": "5.1.2",
      "resolved": "https://registry.npmjs.org/safe-buffer/-/safe-buffer-5.1.2.tgz",
      "integrity": "sha512-Gd2UZBJDkXlY7GbJxfsE8/nvKkUEU1G38c1siN6QP6a9PT9MmHB8GnpscSmMJSoF8LOIrt8ud/wPtojys4G6+g=="
    },
    "safe-regex2": {
      "version": "2.0.0",
      "resolved": "https://registry.npmjs.org/safe-regex2/-/safe-regex2-2.0.0.tgz",
      "integrity": "sha512-PaUSFsUaNNuKwkBijoAPHAK6/eM6VirvyPWlZ7BAQy4D+hCvh4B6lIG+nPdhbFfIbP+gTGBcrdsOaUs0F+ZBOQ==",
      "requires": {
        "ret": "~0.2.0"
      }
    },
    "semver": {
      "version": "6.3.0",
      "resolved": "https://registry.npmjs.org/semver/-/semver-6.3.0.tgz",
      "integrity": "sha512-b39TBaTSfV6yBrapU89p5fKekE2m/NwnDocOVruQFS1/veMgdzuPcnOM34M6CwxW8jH/lxEa5rBoDeUwu5HHTw=="
    },
    "semver-store": {
      "version": "0.3.0",
      "resolved": "https://registry.npmjs.org/semver-store/-/semver-store-0.3.0.tgz",
      "integrity": "sha512-TcZvGMMy9vodEFSse30lWinkj+JgOBvPn8wRItpQRSayhc+4ssDs335uklkfvQQJgL/WvmHLVj4Ycv2s7QCQMg=="
    },
    "stream-to-array": {
      "version": "2.3.0",
      "resolved": "https://registry.npmjs.org/stream-to-array/-/stream-to-array-2.3.0.tgz",
      "integrity": "sha1-u/azn19D7DC8cbq8s3VXrOzzQ1M=",
      "requires": {
        "any-promise": "^1.1.0"
      }
    },
    "string_decoder": {
      "version": "1.1.1",
      "resolved": "https://registry.npmjs.org/string_decoder/-/string_decoder-1.1.1.tgz",
      "integrity": "sha512-n/ShnvDi6FHbbVfviro+WojiFzv+s8MPMHBczVePfUpDJLwoLT0ht1l4YwBCbi8pJAveEEdnkHyPyTP/mzRfwg==",
      "requires": {
        "safe-buffer": "~5.1.0"
      }
    },
    "syncthrough": {
      "version": "0.5.0",
      "resolved": "https://registry.npmjs.org/syncthrough/-/syncthrough-0.5.0.tgz",
      "integrity": "sha1-nRNdOJz0WJp4+qrjRTU/5hLIzqA=",
      "requires": {
        "inherits": "^2.0.3",
        "listenercount": "^1.0.1",
        "process-nextick-args": "^1.0.7"
      },
      "dependencies": {
        "process-nextick-args": {
          "version": "1.0.7",
          "resolved": "https://registry.npmjs.org/process-nextick-args/-/process-nextick-args-1.0.7.tgz",
          "integrity": "sha1-FQ4gt1ZZCtP5EJPyWk8q2L/zC6M="
        }
      }
    },
    "tiny-lru": {
      "version": "6.1.0",
      "resolved": "https://registry.npmjs.org/tiny-lru/-/tiny-lru-6.1.0.tgz",
      "integrity": "sha512-lbz53M11ioFDKxPUBR2UVK7a8JolPZpSkzL0iXW60fpvU98P9+VqWQ7bGGJpGjqnIlILQzl9r+fikhqbcOs7bg=="
    },
    "undici": {
      "version": "0.4.0",
      "resolved": "https://registry.npmjs.org/undici/-/undici-0.4.0.tgz",
      "integrity": "sha512-5S64X43hM2bSUFY00+ji5hcvuxtXAy/ssx826rsJbx6P0gFNKUksb8rxiJWggig+AiNLLtQhfgcaq3T6V5Wcxw==",
      "requires": {
        "end-of-stream": "^1.4.1",
        "fastq": "^1.6.0",
        "http-parser-js": "^0.4.13",
        "readable-stream": "^2.3.6",
        "retimer": "^1.1.0",
        "syncthrough": "^0.5.0"
      }
    },
    "util-deprecate": {
      "version": "1.0.2",
      "resolved": "https://registry.npmjs.org/util-deprecate/-/util-deprecate-1.0.2.tgz",
      "integrity": "sha1-RQ1Nyfpw3nMnYvvS1KKJgUGaDM8="
    },
    "wrappy": {
      "version": "1.0.2",
      "resolved": "https://registry.npmjs.org/wrappy/-/wrappy-1.0.2.tgz",
      "integrity": "sha1-tSQ9jz7BqjXxNkYFvA0QNuMKtp8="
    },
    "yallist": {
      "version": "2.1.2",
      "resolved": "https://registry.npmjs.org/yallist/-/yallist-2.1.2.tgz",
      "integrity": "sha1-HBH5IY8HYImkfdUS+TxmmaaoHVI="
    }
  }
}
